
Microsoft Visual Studio Solution File, Format Version 12.00
# Visual Studio Version 16
VisualStudioVersion = 16.0.31624.102
MinimumVisualStudioVersion = 10.0.40219.1
Project("{FAE04EC0-301F-11D3-BF4B-00C04F79EFBC}") = "Test Softia", "Test Softia\Test Softia.csproj", "{520C05CB-E56A-43BD-A8D4-771F543ACA5C}"
EndProject
Global
	GlobalSection(SolutionConfigurationPlatforms) = preSolution
		Debug|Any CPU = Debug|Any CPU
		Release|Any CPU = Release|Any CPU
	EndGlobalSection
	GlobalSection(ProjectConfigurationPlatforms) = postSolution
		{520C05CB-E56A-43BD-A8D4-771F543ACA5C}.Debug|Any CPU.ActiveCfg = Debug|Any CPU
		{520C05CB-E56A-43BD-A8D4-771F543ACA5C}.Debug|Any CPU.Build.0 = Debug|Any CPU
		{520C05CB-E56A-43BD-A8D4-771F543ACA5C}.Release|Any CPU.ActiveCfg = Release|Any CPU
		{520C05CB-E56A-43BD-A8D4-771F543ACA5C}.Release|Any CPU.Build.0 = Release|Any CPU
	EndGlobalSection
	GlobalSection(SolutionProperties) = preSolution
		HideSolutionNode = FALSE
	EndGlobalSection
	GlobalSection(ExtensibilityGlobals) = postSolution
		SolutionGuid = {75877493-45A4-4F5C-8819-282786CC97D8}
	EndGlobalSection
EndGlobal
